// !$*UTF8*$!
{
	archiveVersion = 1;
	classes = {
	};
	objectVersion = 50;
	objects = {

/* Begin PBXBuildFile section */
		884D5C2A232807A7000F6C94 /* AppDelegate.swift in Sources */ = {isa = PBXBuildFile; fileRef = 884D5C29232807A7000F6C94 /* AppDelegate.swift */; };
		884D5C2C232807A7000F6C94 /* ViewController.swift in Sources */ = {isa = PBXBuildFile; fileRef = 884D5C2B232807A7000F6C94 /* ViewController.swift */; };
		884D5C2F232807A7000F6C94 /* Main.storyboard in Resources */ = {isa = PBXBuildFile; fileRef = 884D5C2D232807A7000F6C94 /* Main.storyboard */; };
		884D5C31232807A9000F6C94 /* Assets.xcassets in Resources */ = {isa = PBXBuildFile; fileRef = 884D5C30232807A9000F6C94 /* Assets.xcassets */; };
		884D5C34232807A9000F6C94 /* LaunchScreen.storyboard in Resources */ = {isa = PBXBuildFile; fileRef = 884D5C32232807A9000F6C94 /* LaunchScreen.storyboard */; };
		88F796F92452014E00A915B6 /* MenuViewController.swift in Sources */ = {isa = PBXBuildFile; fileRef = 88F796F82452014E00A915B6 /* MenuViewController.swift */; };
		88F796FB245367F700A915B6 /* PopUpViewController.swift in Sources */ = {isa = PBXBuildFile; fileRef = 88F796FA245367F700A915B6 /* PopUpViewController.swift */; };
		88F796FD2453CD4900A915B6 /* BackgroundColorPopUpViewController.swift in Sources */ = {isa = PBXBuildFile; fileRef = 88F796FC2453CD4900A915B6 /* BackgroundColorPopUpViewController.swift */; };
/* End PBXBuildFile section */

/* Begin PBXFileReference section */
		884D5C26232807A7000F6C94 /* Yahtzee.app */ = {isa = PBXFileReference; explicitFileType = wrapper.application; includeInIndex = 0; path = Yahtzee.app; sourceTree = BUILT_PRODUCTS_DIR; };
		884D5C29232807A7000F6C94 /* AppDelegate.swift */ = {isa = PBXFileReference; lastKnownFileType = sourcecode.swift; path = AppDelegate.swift; sourceTree = "<group>"; };
		884D5C2B232807A7000F6C94 /* ViewController.swift */ = {isa = PBXFileReference; lastKnownFileType = sourcecode.swift; path = ViewController.swift; sourceTree = "<group>"; };
		884D5C2E232807A7000F6C94 /* Base */ = {isa = PBXFileReference; lastKnownFileType = file.storyboard; name = Base; path = Base.lproj/Main.storyboard; sourceTree = "<group>"; };
		884D5C30232807A9000F6C94 /* Assets.xcassets */ = {isa = PBXFileReference; lastKnownFileType = folder.assetcatalog; path = Assets.xcassets; sourceTree = "<group>"; };
		884D5C33232807A9000F6C94 /* Base */ = {isa = PBXFileReference; lastKnownFileType = file.storyboard; name = Base; path = Base.lproj/LaunchScreen.storyboard; sourceTree = "<group>"; };
		884D5C35232807A9000F6C94 /* Info.plist */ = {isa = PBXFileReference; lastKnownFileType = text.plist.xml; path = Info.plist; sourceTree = "<group>"; };
		88F796F82452014E00A915B6 /* MenuViewController.swift */ = {isa = PBXFileReference; lastKnownFileType = sourcecode.swift; path = MenuViewController.swift; sourceTree = "<group>"; };
		88F796FA245367F700A915B6 /* PopUpViewController.swift */ = {isa = PBXFileReference; lastKnownFileType = sourcecode.swift; path = PopUpViewController.swift; sourceTree = "<group>"; };
		88F796FC2453CD4900A915B6 /* BackgroundColorPopUpViewController.swift */ = {isa = PBXFileReference; lastKnownFileType = sourcecode.swift; path = BackgroundColorPopUpViewController.swift; sourceTree = "<group>"; };
/* End PBXFileReference section */

/* Begin PBXFrameworksBuildPhase section */
		884D5C23232807A7000F6C94 /* Frameworks */ = {
			isa = PBXFrameworksBuildPhase;
			buildActionMask = 2147483647;
			files = (
			);
			runOnlyForDeploymentPostprocessing = 0;
		};
/* End PBXFrameworksBuildPhase section */

/* Begin PBXGroup section */
		884D5C1D232807A7000F6C94 = {
			isa = PBXGroup;
			children = (
				884D5C28232807A7000F6C94 /* Yahtzee */,
				884D5C27232807A7000F6C94 /* Products */,
			);
			sourceTree = "<group>";
		};
		884D5C27232807A7000F6C94 /* Products */ = {
			isa = PBXGroup;
			children = (
				884D5C26232807A7000F6C94 /* Yahtzee.app */,
			);
			name = Products;
			sourceTree = "<group>";
		};
		884D5C28232807A7000F6C94 /* Yahtzee */ = {
			isa = PBXGroup;
			children = (
				884D5C29232807A7000F6C94 /* AppDelegate.swift */,
				884D5C2D232807A7000F6C94 /* Main.storyboard */,
				884D5C30232807A9000F6C94 /* Assets.xcassets */,
				884D5C32232807A9000F6C94 /* LaunchScreen.storyboard */,
				884D5C35232807A9000F6C94 /* Info.plist */,
				884D5C2B232807A7000F6C94 /* ViewController.swift */,
				88F796F82452014E00A915B6 /* MenuViewController.swift */,
				88F796FA245367F700A915B6 /* PopUpViewController.swift */,
				88F796FC2453CD4900A915B6 /* BackgroundColorPopUpViewController.swift */,
			);
			path = Yahtzee;
			sourceTree = "<group>";
		};
/* End PBXGroup section */

/* Begin PBXNativeTarget section */
		884D5C25232807A7000F6C94 /* Yahtzee */ = {
			isa = PBXNativeTarget;
			buildConfigurationList = 884D5C38232807A9000F6C94 /* Build configuration list for PBXNativeTarget "Yahtzee" */;
			buildPhases = (
				884D5C22232807A7000F6C94 /* Sources */,
				884D5C23232807A7000F6C94 /* Frameworks */,
				884D5C24232807A7000F6C94 /* Resources */,
			);
			buildRules = (
			);
			dependencies = (
			);
			name = Yahtzee;
			productName = Yahtzee;
			productReference = 884D5C26232807A7000F6C94 /* Yahtzee.app */;
			productType = "com.apple.product-type.application";
		};
/* End PBXNativeTarget section */

/* Begin PBXProject section */
		884D5C1E232807A7000F6C94 /* Project object */ = {
			isa = PBXProject;
			attributes = {
				LastSwiftUpdateCheck = 1030;
				LastUpgradeCheck = 1030;
				ORGANIZATIONNAME = "Ben Buchanan";
				TargetAttributes = {
					884D5C25232807A7000F6C94 = {
						CreatedOnToolsVersion = 10.3;
					};
				};
			};
			buildConfigurationList = 884D5C21232807A7000F6C94 /* Build configuration list for PBXProject "Yahtzee" */;
			compatibilityVersion = "Xcode 9.3";
			developmentRegion = en;
			hasScannedForEncodings = 0;
			knownRegions = (
				en,
				Base,
			);
			mainGroup = 884D5C1D232807A7000F6C94;
			productRefGroup = 884D5C27232807A7000F6C94 /* Products */;
			projectDirPath = "";
			projectRoot = "";
			targets = (
				884D5C25232807A7000F6C94 /* Yahtzee */,
			);
		};
/* End PBXProject section */

/* Begin PBXResourcesBuildPhase section */
		884D5C24232807A7000F6C94 /* Resources */ = {
			isa = PBXResourcesBuildPhase;
			buildActionMask = 2147483647;
			files = (
				884D5C34232807A9000F6C94 /* LaunchScreen.storyboard in Resources */,
				884D5C31232807A9000F6C94 /* Assets.xcassets in Resources */,
				884D5C2F232807A7000F6C94 /* Main.storyboard in Resources */,
			);
			runOnlyForDeploymentPostprocessing = 0;
		};
/* End PBXResourcesBuildPhase section */

/* Begin PBXSourcesBuildPhase section */
		884D5C22232807A7000F6C94 /* Sources */ = {
			isa = PBXSourcesBuildPhase;
			buildActionMask = 2147483647;
			files = (
				88F796FD2453CD4900A915B6 /* BackgroundColorPopUpViewController.swift in Sources */,
				884D5C2C232807A7000F6C94 /* ViewController.swift in Sources */,
				88F796F92452014E00A915B6 /* MenuViewController.swift in Sources */,
				884D5C2A232807A7000F6C94 /* AppDelegate.swift in Sources */,
				88F796FB245367F700A915B6 /* PopUpViewController.swift in Sources */,
			);
			runOnlyForDeploymentPostprocessing = 0;
		};
/* End PBXSourcesBuildPhase section */

/* Begin PBXVariantGroup section */
		884D5C2D232807A7000F6C94 /* Main.storyboard */ = {
			isa = PBXVariantGroup;
			children = (
				884D5C2E232807A7000F6C94 /* Base */,
			);
			name = Main.storyboard;
			sourceTree = "<group>";
		};
		884D5C32232807A9000F6C94 /* LaunchScreen.storyboard */ = {
			isa = PBXVariantGroup;
			children = (
				884D5C33232807A9000F6C94 /* Base */,
			);
			name = LaunchScreen.storyboard;
			sourceTree = "<group>";
		};
/* End PBXVariantGroup section */

/* Begin XCBuildConfiguration section */
		884D5C36232807A9000F6C94 /* Debug */ = {
			isa = XCBuildConfiguration;
			buildSettings = {
				ALWAYS_SEARCH_USER_PATHS = NO;
				CLANG_ANALYZER_NONNULL = YES;
				CLANG_ANALYZER_NUMBER_OBJECT_CONVERSION = YES_AGGRESSIVE;
				CLANG_CXX_LANGUAGE_STANDARD = "gnu++14";
				CLANG_CXX_LIBRARY = "libc++";
				CLANG_ENABLE_MODULES = YES;
				CLANG_ENABLE_OBJC_ARC = YES;
				CLANG_ENABLE_OBJC_WEAK = YES;
				CLANG_WARN_BLOCK_CAPTURE_AUTORELEASING = YES;
				CLANG_WARN_BOOL_CONVERSION = YES;
				CLANG_WARN_COMMA = YES;
				CLANG_WARN_CONSTANT_CONVERSION = YES;
				CLANG_WARN_DEPRECATED_OBJC_IMPLEMENTATIONS = YES;
				CLANG_WARN_DIRECT_OBJC_ISA_USAGE = YES_ERROR;
				CLANG_WARN_DOCUMENTATION_COMMENTS = YES;
				CLANG_WARN_EMPTY_BODY = YES;
				CLANG_WARN_ENUM_CONVERSION = YES;
				CLANG_WARN_INFINITE_RECURSION = YES;
				CLANG_WARN_INT_CONVERSION = YES;
				CLANG_WARN_NON_LITERAL_NULL_CONVERSION = YES;
				CLANG_WARN_OBJC_IMPLICIT_RETAIN_SELF = YES;
				CLANG_WARN_OBJC_LITERAL_CONVERSION = YES;
				CLANG_WARN_OBJC_ROOT_CLASS = YES_ERROR;
				CLANG_WARN_RANGE_LOOP_ANALYSIS = YES;
				CLANG_WARN_STRICT_PROTOTYPES = YES;
				CLANG_WARN_SUSPICIOUS_MOVE = YES;
				CLANG_WARN_UNGUARDED_AVAILABILITY = YES_AGGRESSIVE;
				CLANG_WARN_UNREACHABLE_CODE = YES;
				CLANG_WARN__DUPLICATE_METHOD_MATCH = YES;
				CODE_SIGN_IDENTITY = "iPhone Developer";
				COPY_PHASE_STRIP = NO;
				DEBUG_INFORMATION_FORMAT = dwarf;
				ENABLE_STRICT_OBJC_MSGSEND = YES;
				ENABLE_TESTABILITY = YES;
				GCC_C_LANGUAGE_STANDARD = gnu11;
				GCC_DYNAMIC_NO_PIC = NO;
				GCC_NO_COMMON_BLOCKS = YES;
				GCC_OPTIMIZATION_LEVEL = 0;
				GCC_PREPROCESSOR_DEFINITIONS = (
					"DEBUG=1",
					"$(inherited)",
				);
				GCC_WARN_64_TO_32_BIT_CONVERSION = YES;
				GCC_WARN_ABOUT_RETURN_TYPE = YES_ERROR;
				GCC_WARN_UNDECLARED_SELECTOR = YES;
				GCC_WARN_UNINITIALIZED_AUTOS = YES_AGGRESSIVE;
				GCC_WARN_UNUSED_FUNCTION = YES;
				GCC_WARN_UNUSED_VARIABLE = YES;
				IPHONEOS_DEPLOYMENT_TARGET = 12.4;
				MTL_ENABLE_DEBUG_INFO = INCLUDE_SOURCE;
				MTL_FAST_MATH = YES;
				ONLY_ACTIVE_ARCH = YES;
				SDKROOT = iphoneos;
				SWIFT_ACTIVE_COMPILATION_CONDITIONS = DEBUG;
				SWIFT_OPTIMIZATION_LEVEL = "-Onone";
			};
			name = Debug;
		};
		884D5C37232807A9000F6C94 /* Release */ = {
			isa = XCBuildConfiguration;
			buildSettings = {
				ALWAYS_SEARCH_USER_PATHS = NO;
				CLANG_ANALYZER_NONNULL = YES;
				CLANG_ANALYZER_NUMBER_OBJECT_CONVERSION = YES_AGGRESSIVE;
				CLANG_CXX_LANGUAGE_STANDARD = "gnu++14";
				CLANG_CXX_LIBRARY = "libc++";
				CLANG_ENABLE_MODULES = YES;
				CLANG_ENABLE_OBJC_ARC = YES;
				CLANG_ENABLE_OBJC_WEAK = YES;
				CLANG_WARN_BLOCK_CAPTURE_AUTORELEASING = YES;
				CLANG_WARN_BOOL_CONVERSION = YES;
				CLANG_WARN_COMMA = YES;
				CLANG_WARN_CONSTANT_CONVERSION = YES;
				CLANG_WARN_DEPRECATED_OBJC_IMPLEMENTATIONS = YES;
				CLANG_WARN_DIRECT_OBJC_ISA_USAGE = YES_ERROR;
				CLANG_WARN_DOCUMENTATION_COMMENTS = YES;
				CLANG_WARN_EMPTY_BODY = YES;
				CLANG_WARN_ENUM_CONVERSION = YES;
				CLANG_WARN_INFINITE_RECURSION = YES;
				CLANG_WARN_INT_CONVERSION = YES;
				CLANG_WARN_NON_LITERAL_NULL_CONVERSION = YES;
				CLANG_WARN_OBJC_IMPLICIT_RETAIN_SELF = YES;
				CLANG_WARN_OBJC_LITERAL_CONVERSION = YES;
				CLANG_WARN_OBJC_ROOT_CLASS = YES_ERROR;
				CLANG_WARN_RANGE_LOOP_ANALYSIS = YES;
				CLANG_WARN_STRICT_PROTOTYPES = YES;
				CLANG_WARN_SUSPICIOUS_MOVE = YES;
				CLANG_WARN_UNGUARDED_AVAILABILITY = YES_AGGRESSIVE;
				CLANG_WARN_UNREACHABLE_CODE = YES;
				CLANG_WARN__DUPLICATE_METHOD_MATCH = YES;
				CODE_SIGN_IDENTITY = "iPhone Developer";
				COPY_PHASE_STRIP = NO;
				DEBUG_INFORMATION_FORMAT = "dwarf-with-dsym";
				ENABLE_NS_ASSERTIONS = NO;
				ENABLE_STRICT_OBJC_MSGSEND = YES;
				GCC_C_LANGUAGE_STANDARD = gnu11;
				GCC_NO_COMMON_BLOCKS = YES;
				GCC_WARN_64_TO_32_BIT_CONVERSION = YES;
				GCC_WARN_ABOUT_RETURN_TYPE = YES_ERROR;
				GCC_WARN_UNDECLARED_SELECTOR = YES;
				GCC_WARN_UNINITIALIZED_AUTOS = YES_AGGRESSIVE;
				GCC_WARN_UNUSED_FUNCTION = YES;
				GCC_WARN_UNUSED_VARIABLE = YES;
				IPHONEOS_DEPLOYMENT_TARGET = 12.4;
				MTL_ENABLE_DEBUG_INFO = NO;
				MTL_FAST_MATH = YES;
				SDKROOT = iphoneos;
				SWIFT_COMPILATION_MODE = wholemodule;
				SWIFT_OPTIMIZATION_LEVEL = "-O";
				VALIDATE_PRODUCT = YES;
			};
			name = Release;
		};
		884D5C39232807A9000F6C94 /* Debug */ = {
			isa = XCBuildConfiguration;
			buildSettings = {
				ASSETCATALOG_COMPILER_APPICON_NAME = AppIcon;
				CODE_SIGN_STYLE = Automatic;
				DEVELOPMENT_TEAM = AGFK4NZMR2;
				INFOPLIST_FILE = Yahtzee/Info.plist;
				LD_RUNPATH_SEARCH_PATHS = (
					"$(inherited)",
					"@executable_path/Frameworks",
				);
				PRODUCT_BUNDLE_IDENTIFIER = com.benbuchanan.Yahtzee;
				PRODUCT_NAME = "$(TARGET_NAME)";
				SWIFT_VERSION = 5.0;
				TARGETED_DEVICE_FAMILY = "1,2";
			};
			name = Debug;
		};
		884D5C3A232807A9000F6C94 /* Release */ = {
			isa = XCBuildConfiguration;
			buildSettings = {
				ASSETCATALOG_COMPILER_APPICON_NAME = AppIcon;
				CODE_SIGN_STYLE = Automatic;
				DEVELOPMENT_TEAM = AGFK4NZMR2;
				INFOPLIST_FILE = Yahtzee/Info.plist;
				LD_RUNPATH_SEARCH_PATHS = (
					"$(inherited)",
					"@executable_path/Frameworks",
				);
				PRODUCT_BUNDLE_IDENTIFIER = com.benbuchanan.Yahtzee;
				PRODUCT_NAME = "$(TARGET_NAME)";
				SWIFT_VERSION = 5.0;
				TARGETED_DEVICE_FAMILY = "1,2";
			};
			name = Release;
		};
/* End XCBuildConfiguration section */

/* Begin XCConfigurationList section */
		884D5C21232807A7000F6C94 /* Build configuration list for PBXProject "Yahtzee" */ = {
			isa = XCConfigurationList;
			buildConfigurations = (
				884D5C36232807A9000F6C94 /* Debug */,
				884D5C37232807A9000F6C94 /* Release */,
			);
			defaultConfigurationIsVisible = 0;
			defaultConfigurationName = Release;
		};
		884D5C38232807A9000F6C94 /* Build configuration list for PBXNativeTarget "Yahtzee" */ = {
			isa = XCConfigurationList;
			buildConfigurations = (
				884D5C39232807A9000F6C94 /* Debug */,
				884D5C3A232807A9000F6C94 /* Release */,
			);
			defaultConfigurationIsVisible = 0;
			defaultConfigurationName = Release;
		};
/* End XCConfigurationList section */
	};
	rootObject = 884D5C1E232807A7000F6C94 /* Project object */;
}
